
Microsoft Visual Studio Solution File, Format Version 12.00
# Visual Studio Version 17
VisualStudioVersion = 17.0.31919.166
MinimumVisualStudioVersion = 10.0.40219.1
Project("{9A19103F-16F7-4668-BE54-9A1E7A4F7556}") = "JwtAuthentication.Core", "JwtAuthentication.Core\JwtAuthentication.Core.csproj", "{5F9739DA-4676-4B13-BE6C-5F5194AFE812}"
EndProject
Project("{2150E333-8FDC-42A3-9474-1A3956D46DE8}") = "Solution Items", "Solution Items", "{330BB423-781B-4A8C-BBC9-2F95B5349B2A}"
	ProjectSection(SolutionItems) = preProject
		.editorconfig = .editorconfig
	EndProjectSection
EndProject
Project("{2150E333-8FDC-42A3-9474-1A3956D46DE8}") = "Examples", "Examples", "{ADBF0A06-FF69-40A6-8F32-2F188AE1B6A4}"
EndProject
Project("{9A19103F-16F7-4668-BE54-9A1E7A4F7556}") = "Example.NetCore5.0.BaseAuthentication", "Examples\Example.NetCore5.0.BaseAuthentication\Example.NetCore5.0.BaseAuthentication.csproj", "{36F676C3-2C5F-4727-8BE2-8F759C2A3FBE}"
EndProject
Project("{9A19103F-16F7-4668-BE54-9A1E7A4F7556}") = "Example.NetCore5.0.PermissionBasedAuthorization", "Examples\Example.NetCore5.0.PermissionBasedAuthorization\Example.NetCore5.0.PermissionBasedAuthorization.csproj", "{51E0C282-0942-4367-95EB-F248E80A5D6F}"
EndProject
Project("{9A19103F-16F7-4668-BE54-9A1E7A4F7556}") = "Example.NetCore5.0.WithCredentialsValidator", "Examples\Example.NetCore5.0.WithCredentialsValidator\Example.NetCore5.0.WithCredentialsValidator.csproj", "{E2BC2C97-161E-41E4-B224-DFC62AD56768}"
EndProject
Project("{9A19103F-16F7-4668-BE54-9A1E7A4F7556}") = "Example.NetCore3.0.BaseAuthentication", "Examples\Example.NetCore3.0.BaseAuthentication\Example.NetCore3.0.BaseAuthentication.csproj", "{6AB1E6C4-563A-4447-8024-6C31C9A45141}"
EndProject
Project("{9A19103F-16F7-4668-BE54-9A1E7A4F7556}") = "Example.NetCore3.1.BaseAuthentication", "Examples\Example.NetCore3.1.BaseAuthentication\Example.NetCore3.1.BaseAuthentication.csproj", "{43D3813D-CD36-46A7-86EF-CD6CF0A9A9BC}"
EndProject
Project("{9A19103F-16F7-4668-BE54-9A1E7A4F7556}") = "Example.NetCore5.0.CookiesBasedAuthentication", "Examples\Example.NetCore5.0.CookiesBasedAuthentication\Example.NetCore5.0.CookiesBasedAuthentication.csproj", "{32E74378-AAF5-4CA6-8633-30997453E58A}"
EndProject
Project("{9A19103F-16F7-4668-BE54-9A1E7A4F7556}") = "JwtAuthentication.Identity", "JwtAuthentication.Identity\JwtAuthentication.Identity.csproj", "{60A8C4FC-D6DC-4C5B-9FA9-6F81F55F3667}"
EndProject
Project("{9A19103F-16F7-4668-BE54-9A1E7A4F7556}") = "Example.NetCore5.0.AuthenticationUsingIdentityUser", "Examples\Example.NetCore5.0.AuthenticationUsingIdentityUser\Example.NetCore5.0.AuthenticationUsingIdentityUser.csproj", "{1DF1D001-0194-4CD8-82DD-40AF57FC1432}"
EndProject
Project("{9A19103F-16F7-4668-BE54-9A1E7A4F7556}") = "Example.NetCore5.0.AuthenticationWithRefreshToken", "Examples\Example.NetCore5.0.AuthenticationWithRefreshToken\Example.NetCore5.0.AuthenticationWithRefreshToken.csproj", "{12915347-991A-4EA0-983D-03121E1C527B}"
EndProject
Project("{9A19103F-16F7-4668-BE54-9A1E7A4F7556}") = "Example.NetCore5.0.RefreshTokenAuthAndRegistrationUsingIdentity", "Examples\Example.NetCore5.0.RefreshTokenAuthAndRegistrationUsingIdentity\Example.NetCore5.0.RefreshTokenAuthAndRegistrationUsingIdentity.csproj", "{8BF217FB-7AB4-4056-8186-2BDE9F3C99EC}"
EndProject
Project("{9A19103F-16F7-4668-BE54-9A1E7A4F7556}") = "Tests", "Examples\Tests\Tests.csproj", "{EF8EF2D5-9483-400E-B938-ADDB467BF300}"
EndProject
Project("{9A19103F-16F7-4668-BE54-9A1E7A4F7556}") = "Example.NetCore6.0.BaseAuthentication", "Examples\Example.NetCore6.0.BaseAuthentication\Example.NetCore6.0.BaseAuthentication.csproj", "{DDA26737-950C-4B23-B66A-1733FB482A29}"
EndProject
Project("{2150E333-8FDC-42A3-9474-1A3956D46DE8}") = "NetCore5.0", "NetCore5.0", "{7A925031-2656-4CEB-821A-D76739E0E5A2}"
EndProject
Project("{2150E333-8FDC-42A3-9474-1A3956D46DE8}") = "NetCore3.", "NetCore3.", "{614DB4C6-A4BE-4BBF-B385-C34985CA1FC3}"
EndProject
Project("{2150E333-8FDC-42A3-9474-1A3956D46DE8}") = "NetCore6.0", "NetCore6.0", "{4FF83CB3-A634-4D07-BEE0-B5391B86F071}"
EndProject
Project("{9A19103F-16F7-4668-BE54-9A1E7A4F7556}") = "Example.NetCore6.0.AuthenticationUsingIdentityUser", "Examples\Example.NetCore6.0.AuthenticationUsingIdentityUser\Example.NetCore6.0.AuthenticationUsingIdentityUser.csproj", "{28707296-5273-471B-89FB-FA3D6C62CA67}"
EndProject
Project("{9A19103F-16F7-4668-BE54-9A1E7A4F7556}") = "Example.NetCore6.0.AuthenticationWithRefreshToken", "Examples\Example.NetCore6.0.AuthenticationWithRefreshToken\Example.NetCore6.0.AuthenticationWithRefreshToken.csproj", "{5AE1CC8C-80A2-46AF-A02E-BE129080F489}"
EndProject
Project("{9A19103F-16F7-4668-BE54-9A1E7A4F7556}") = "Example.NetCore6.0.CookiesBasedAuthentication", "Examples\Example.NetCore6.0.CookiesBasedAuthentication\Example.NetCore6.0.CookiesBasedAuthentication.csproj", "{E3C800A0-012F-4440-BD78-813FE51F4830}"
EndProject
Project("{9A19103F-16F7-4668-BE54-9A1E7A4F7556}") = "Example.NetCore6.0.PermissionBasedAuthorization", "Examples\Example.NetCore6.0.PermissionBasedAuthorization\Example.NetCore6.0.PermissionBasedAuthorization.csproj", "{421DEC55-2DF8-4DCB-B53D-ED59C15062A2}"
EndProject
Project("{9A19103F-16F7-4668-BE54-9A1E7A4F7556}") = "Example.NetCore6.0.RefreshTokenAuthAndRegistrationUsingIdentity", "Examples\Example.NetCore6.0.RefreshTokenAuthAndRegistrationUsingIdentity\Example.NetCore6.0.RefreshTokenAuthAndRegistrationUsingIdentity.csproj", "{C7F24A8E-C454-4EB7-9F33-5ABCAD04AE24}"
EndProject
Project("{9A19103F-16F7-4668-BE54-9A1E7A4F7556}") = "Example.NetCore6.0.WithCredentialsValidator", "Examples\Example.NetCore6.0.WithCredentialsValidator\Example.NetCore6.0.WithCredentialsValidator.csproj", "{2652FCF8-3604-435E-8963-92A4A365FA33}"
EndProject
Project("{9A19103F-16F7-4668-BE54-9A1E7A4F7556}") = "Example.NetCore6.0.AuthenticationUsingGenericIdentityUser", "Examples\Example.NetCore6.0.AuthenticationUsingGenericIdentityUser\Example.NetCore6.0.AuthenticationUsingGenericIdentityUser.csproj", "{C617F7DD-6E7E-4B5D-8766-C82C37EFFF6E}"
EndProject
Project("{9A19103F-16F7-4668-BE54-9A1E7A4F7556}") = "Example.NetCore6.0.RefreshTokenWithConfidenceInterval", "Examples\Example.NetCore6.0.RefreshTokenWithConfidenceInterval\Example.NetCore6.0.RefreshTokenWithConfidenceInterval.csproj", "{ABDD94F3-DF9E-47B2-813F-935C54C8DEA7}"
EndProject
Project("{9A19103F-16F7-4668-BE54-9A1E7A4F7556}") = "Example.NetCore5.0.RefreshTokenWithConfidenceInterval", "Examples\Example.NetCore5.0.RefreshTokenWithConfidenceInterval\Example.NetCore5.0.RefreshTokenWithConfidenceInterval.csproj", "{F0E28B79-7957-444F-B437-D2EEC072A6DE}"
EndProject
Project("{FAE04EC0-301F-11D3-BF4B-00C04F79EFBC}") = "Example.NetCore7.0.BaseAuthentication", "Examples\Example.NetCore7.0.BaseAuthentication\Example.NetCore7.0.BaseAuthentication.csproj", "{69AE34C5-23F5-4E25-9E37-1FC1C8ABFE0D}"
EndProject
Project("{2150E333-8FDC-42A3-9474-1A3956D46DE8}") = "NetCore7.0", "NetCore7.0", "{02EA681E-C7D8-13C7-8484-4AC65E1B71E8}"
EndProject
Project("{FAE04EC0-301F-11D3-BF4B-00C04F79EFBC}") = "Example.NetCore7.0.AuthenticationUsingGenericIdentityUser", "Examples\Example.NetCore7.0.AuthenticationUsingGenericIdentityUser\Example.NetCore7.0.AuthenticationUsingGenericIdentityUser.csproj", "{E85F73B6-5C37-4745-AFB3-16DA11F23882}"
EndProject
Project("{FAE04EC0-301F-11D3-BF4B-00C04F79EFBC}") = "Example.NetCore7.0.AuthenticationUsingIdentityUser", "Examples\Example.NetCore7.0.AuthenticationUsingIdentityUser\Example.NetCore7.0.AuthenticationUsingIdentityUser.csproj", "{BC726B57-2164-4C73-9DF3-32DE785F04FB}"
EndProject
Project("{FAE04EC0-301F-11D3-BF4B-00C04F79EFBC}") = "Example.NetCore7.0.AuthenticationWithRefreshToken", "Examples\Example.NetCore7.0.AuthenticationWithRefreshToken\Example.NetCore7.0.AuthenticationWithRefreshToken.csproj", "{54F6E533-537E-47D3-A829-6DB7CBD1D948}"
EndProject
Project("{FAE04EC0-301F-11D3-BF4B-00C04F79EFBC}") = "Example.NetCore7.0.CookiesBasedAuthentication", "Examples\Example.NetCore7.0.CookiesBasedAuthentication\Example.NetCore7.0.CookiesBasedAuthentication.csproj", "{2AA6D3CA-6CAA-40D9-9C33-75C0B1FBF0EE}"
EndProject
Project("{FAE04EC0-301F-11D3-BF4B-00C04F79EFBC}") = "Example.NetCore7.0.PermissionBasedAuthorization", "Examples\Example.NetCore7.0.PermissionBasedAuthorization\Example.NetCore7.0.PermissionBasedAuthorization.csproj", "{E7250382-AA91-44BA-BAD2-6E888195D628}"
EndProject
Project("{FAE04EC0-301F-11D3-BF4B-00C04F79EFBC}") = "Example.NetCore7.0.RefreshTokenAuthAndRegistrationUsingIdentity", "Examples\Example.NetCore7.0.RefreshTokenAuthAndRegistrationUsingIdentity\Example.NetCore7.0.RefreshTokenAuthAndRegistrationUsingIdentity.csproj", "{0B46B59D-395F-44C6-B68D-A6967DCEFA10}"
EndProject
Project("{FAE04EC0-301F-11D3-BF4B-00C04F79EFBC}") = "Example.NetCore7.0.RefreshTokenWithConfidenceInterval", "Examples\Example.NetCore7.0.RefreshTokenWithConfidenceInterval\Example.NetCore7.0.RefreshTokenWithConfidenceInterval.csproj", "{EAF21201-CD79-444C-A27C-B53B016C042C}"
EndProject
Project("{FAE04EC0-301F-11D3-BF4B-00C04F79EFBC}") = "Example.NetCore7.0.WithCredentialsValidator", "Examples\Example.NetCore7.0.WithCredentialsValidator\Example.NetCore7.0.WithCredentialsValidator.csproj", "{6AE10A59-1374-4000-B8BB-047DAAE30779}"
EndProject
Project("{FAE04EC0-301F-11D3-BF4B-00C04F79EFBC}") = "Example.NetCore8.0.AuthenticationUsingGenericIdentityUser", "Examples\Example.NetCore8.0.AuthenticationUsingGenericIdentityUser\Example.NetCore8.0.AuthenticationUsingGenericIdentityUser.csproj", "{A4EC68DA-C87B-4A66-9EE4-0056DC657D56}"
EndProject
Project("{FAE04EC0-301F-11D3-BF4B-00C04F79EFBC}") = "Example.NetCore8.0.AuthenticationUsingIdentityUser", "Examples\Example.NetCore8.0.AuthenticationUsingIdentityUser\Example.NetCore8.0.AuthenticationUsingIdentityUser.csproj", "{B41EE46C-6E57-4D72-8E5A-86E019C5E565}"
EndProject
Project("{FAE04EC0-301F-11D3-BF4B-00C04F79EFBC}") = "Example.NetCore8.0.AuthenticationWithRefreshToken", "Examples\Example.NetCore8.0.AuthenticationWithRefreshToken\Example.NetCore8.0.AuthenticationWithRefreshToken.csproj", "{A97DF002-5BD5-45C5-87F6-FF5BF5AA205E}"
EndProject
Project("{FAE04EC0-301F-11D3-BF4B-00C04F79EFBC}") = "Example.NetCore8.0.BaseAuthentication", "Examples\Example.NetCore8.0.BaseAuthentication\Example.NetCore8.0.BaseAuthentication.csproj", "{F58F3A0E-0763-4236-B903-377EE58F79AC}"
EndProject
Project("{FAE04EC0-301F-11D3-BF4B-00C04F79EFBC}") = "Example.NetCore8.0.CookiesBasedAuthentication", "Examples\Example.NetCore8.0.CookiesBasedAuthentication\Example.NetCore8.0.CookiesBasedAuthentication.csproj", "{6190BFE8-8B0E-4AEA-BAE7-4688BEBD50D5}"
EndProject
Project("{FAE04EC0-301F-11D3-BF4B-00C04F79EFBC}") = "Example.NetCore8.0.PermissionBasedAuthorization", "Examples\Example.NetCore8.0.PermissionBasedAuthorization\Example.NetCore8.0.PermissionBasedAuthorization.csproj", "{4C320ECC-388B-41CF-B391-20F6B1A31FA3}"
EndProject
Project("{FAE04EC0-301F-11D3-BF4B-00C04F79EFBC}") = "Example.NetCore8.0.RefreshTokenAuthAndRegistrationUsingIdentity", "Examples\Example.NetCore8.0.RefreshTokenAuthAndRegistrationUsingIdentity\Example.NetCore8.0.RefreshTokenAuthAndRegistrationUsingIdentity.csproj", "{80DFB643-D719-4C0B-ABD1-27ABCAA9B1F7}"
EndProject
Project("{FAE04EC0-301F-11D3-BF4B-00C04F79EFBC}") = "Example.NetCore8.0.RefreshTokenWithConfidenceInterval", "Examples\Example.NetCore8.0.RefreshTokenWithConfidenceInterval\Example.NetCore8.0.RefreshTokenWithConfidenceInterval.csproj", "{CB5DE2FF-2BFE-4FA8-BE06-186EF64CC6C6}"
EndProject
Project("{FAE04EC0-301F-11D3-BF4B-00C04F79EFBC}") = "Example.NetCore8.0.WithCredentialsValidator", "Examples\Example.NetCore8.0.WithCredentialsValidator\Example.NetCore8.0.WithCredentialsValidator.csproj", "{48786B11-B83A-4134-85C6-4E9F959F9C06}"
EndProject
Project("{2150E333-8FDC-42A3-9474-1A3956D46DE8}") = "NetCore8.0", "NetCore8.0", "{3DC4FB03-312C-4EFB-838C-F95431860DFC}"
EndProject
Global
	GlobalSection(SolutionConfigurationPlatforms) = preSolution
		Debug|Any CPU = Debug|Any CPU
		Release|Any CPU = Release|Any CPU
		Release|x64 = Release|x64
		Release|x86 = Release|x86
	EndGlobalSection
	GlobalSection(ProjectConfigurationPlatforms) = postSolution
		{5F9739DA-4676-4B13-BE6C-5F5194AFE812}.Debug|Any CPU.ActiveCfg = Debug|Any CPU
		{5F9739DA-4676-4B13-BE6C-5F5194AFE812}.Debug|Any CPU.Build.0 = Debug|Any CPU
		{5F9739DA-4676-4B13-BE6C-5F5194AFE812}.Release|Any CPU.ActiveCfg = Release|Any CPU
		{5F9739DA-4676-4B13-BE6C-5F5194AFE812}.Release|Any CPU.Build.0 = Release|Any CPU
		{5F9739DA-4676-4B13-BE6C-5F5194AFE812}.Release|x64.ActiveCfg = Release|Any CPU
		{5F9739DA-4676-4B13-BE6C-5F5194AFE812}.Release|x64.Build.0 = Release|Any CPU
		{5F9739DA-4676-4B13-BE6C-5F5194AFE812}.Release|x86.ActiveCfg = Release|Any CPU
		{5F9739DA-4676-4B13-BE6C-5F5194AFE812}.Release|x86.Build.0 = Release|Any CPU
		{36F676C3-2C5F-4727-8BE2-8F759C2A3FBE}.Debug|Any CPU.ActiveCfg = Debug|Any CPU
		{36F676C3-2C5F-4727-8BE2-8F759C2A3FBE}.Debug|Any CPU.Build.0 = Debug|Any CPU
		{36F676C3-2C5F-4727-8BE2-8F759C2A3FBE}.Release|Any CPU.ActiveCfg = Release|Any CPU
		{36F676C3-2C5F-4727-8BE2-8F759C2A3FBE}.Release|Any CPU.Build.0 = Release|Any CPU
		{36F676C3-2C5F-4727-8BE2-8F759C2A3FBE}.Release|x64.ActiveCfg = Release|Any CPU
		{36F676C3-2C5F-4727-8BE2-8F759C2A3FBE}.Release|x64.Build.0 = Release|Any CPU
		{36F676C3-2C5F-4727-8BE2-8F759C2A3FBE}.Release|x86.ActiveCfg = Release|Any CPU
		{36F676C3-2C5F-4727-8BE2-8F759C2A3FBE}.Release|x86.Build.0 = Release|Any CPU
		{51E0C282-0942-4367-95EB-F248E80A5D6F}.Debug|Any CPU.ActiveCfg = Debug|Any CPU
		{51E0C282-0942-4367-95EB-F248E80A5D6F}.Debug|Any CPU.Build.0 = Debug|Any CPU
		{51E0C282-0942-4367-95EB-F248E80A5D6F}.Release|Any CPU.ActiveCfg = Release|Any CPU
		{51E0C282-0942-4367-95EB-F248E80A5D6F}.Release|Any CPU.Build.0 = Release|Any CPU
		{51E0C282-0942-4367-95EB-F248E80A5D6F}.Release|x64.ActiveCfg = Release|Any CPU
		{51E0C282-0942-4367-95EB-F248E80A5D6F}.Release|x64.Build.0 = Release|Any CPU
		{51E0C282-0942-4367-95EB-F248E80A5D6F}.Release|x86.ActiveCfg = Release|Any CPU
		{51E0C282-0942-4367-95EB-F248E80A5D6F}.Release|x86.Build.0 = Release|Any CPU
		{E2BC2C97-161E-41E4-B224-DFC62AD56768}.Debug|Any CPU.ActiveCfg = Debug|Any CPU
		{E2BC2C97-161E-41E4-B224-DFC62AD56768}.Debug|Any CPU.Build.0 = Debug|Any CPU
		{E2BC2C97-161E-41E4-B224-DFC62AD56768}.Release|Any CPU.ActiveCfg = Release|Any CPU
		{E2BC2C97-161E-41E4-B224-DFC62AD56768}.Release|Any CPU.Build.0 = Release|Any CPU
		{E2BC2C97-161E-41E4-B224-DFC62AD56768}.Release|x64.ActiveCfg = Release|Any CPU
		{E2BC2C97-161E-41E4-B224-DFC62AD56768}.Release|x64.Build.0 = Release|Any CPU
		{E2BC2C97-161E-41E4-B224-DFC62AD56768}.Release|x86.ActiveCfg = Release|Any CPU
		{E2BC2C97-161E-41E4-B224-DFC62AD56768}.Release|x86.Build.0 = Release|Any CPU
		{6AB1E6C4-563A-4447-8024-6C31C9A45141}.Debug|Any CPU.ActiveCfg = Debug|Any CPU
		{6AB1E6C4-563A-4447-8024-6C31C9A45141}.Debug|Any CPU.Build.0 = Debug|Any CPU
		{6AB1E6C4-563A-4447-8024-6C31C9A45141}.Release|Any CPU.ActiveCfg = Release|Any CPU
		{6AB1E6C4-563A-4447-8024-6C31C9A45141}.Release|Any CPU.Build.0 = Release|Any CPU
		{6AB1E6C4-563A-4447-8024-6C31C9A45141}.Release|x64.ActiveCfg = Release|Any CPU
		{6AB1E6C4-563A-4447-8024-6C31C9A45141}.Release|x64.Build.0 = Release|Any CPU
		{6AB1E6C4-563A-4447-8024-6C31C9A45141}.Release|x86.ActiveCfg = Release|Any CPU
		{6AB1E6C4-563A-4447-8024-6C31C9A45141}.Release|x86.Build.0 = Release|Any CPU
		{43D3813D-CD36-46A7-86EF-CD6CF0A9A9BC}.Debug|Any CPU.ActiveCfg = Debug|Any CPU
		{43D3813D-CD36-46A7-86EF-CD6CF0A9A9BC}.Debug|Any CPU.Build.0 = Debug|Any CPU
		{43D3813D-CD36-46A7-86EF-CD6CF0A9A9BC}.Release|Any CPU.ActiveCfg = Release|Any CPU
		{43D3813D-CD36-46A7-86EF-CD6CF0A9A9BC}.Release|Any CPU.Build.0 = Release|Any CPU
		{43D3813D-CD36-46A7-86EF-CD6CF0A9A9BC}.Release|x64.ActiveCfg = Release|Any CPU
		{43D3813D-CD36-46A7-86EF-CD6CF0A9A9BC}.Release|x64.Build.0 = Release|Any CPU
		{43D3813D-CD36-46A7-86EF-CD6CF0A9A9BC}.Release|x86.ActiveCfg = Release|Any CPU
		{43D3813D-CD36-46A7-86EF-CD6CF0A9A9BC}.Release|x86.Build.0 = Release|Any CPU
		{32E74378-AAF5-4CA6-8633-30997453E58A}.Debug|Any CPU.ActiveCfg = Debug|Any CPU
		{32E74378-AAF5-4CA6-8633-30997453E58A}.Debug|Any CPU.Build.0 = Debug|Any CPU
		{32E74378-AAF5-4CA6-8633-30997453E58A}.Release|Any CPU.ActiveCfg = Release|Any CPU
		{32E74378-AAF5-4CA6-8633-30997453E58A}.Release|Any CPU.Build.0 = Release|Any CPU
		{32E74378-AAF5-4CA6-8633-30997453E58A}.Release|x64.ActiveCfg = Release|Any CPU
		{32E74378-AAF5-4CA6-8633-30997453E58A}.Release|x64.Build.0 = Release|Any CPU
		{32E74378-AAF5-4CA6-8633-30997453E58A}.Release|x86.ActiveCfg = Release|Any CPU
		{32E74378-AAF5-4CA6-8633-30997453E58A}.Release|x86.Build.0 = Release|Any CPU
		{60A8C4FC-D6DC-4C5B-9FA9-6F81F55F3667}.Debug|Any CPU.ActiveCfg = Debug|Any CPU
		{60A8C4FC-D6DC-4C5B-9FA9-6F81F55F3667}.Debug|Any CPU.Build.0 = Debug|Any CPU
		{60A8C4FC-D6DC-4C5B-9FA9-6F81F55F3667}.Release|Any CPU.ActiveCfg = Release|Any CPU
		{60A8C4FC-D6DC-4C5B-9FA9-6F81F55F3667}.Release|Any CPU.Build.0 = Release|Any CPU
		{60A8C4FC-D6DC-4C5B-9FA9-6F81F55F3667}.Release|x64.ActiveCfg = Release|Any CPU
		{60A8C4FC-D6DC-4C5B-9FA9-6F81F55F3667}.Release|x64.Build.0 = Release|Any CPU
		{60A8C4FC-D6DC-4C5B-9FA9-6F81F55F3667}.Release|x86.ActiveCfg = Release|Any CPU
		{60A8C4FC-D6DC-4C5B-9FA9-6F81F55F3667}.Release|x86.Build.0 = Release|Any CPU
		{1DF1D001-0194-4CD8-82DD-40AF57FC1432}.Debug|Any CPU.ActiveCfg = Debug|Any CPU
		{1DF1D001-0194-4CD8-82DD-40AF57FC1432}.Debug|Any CPU.Build.0 = Debug|Any CPU
		{1DF1D001-0194-4CD8-82DD-40AF57FC1432}.Release|Any CPU.ActiveCfg = Release|Any CPU
		{1DF1D001-0194-4CD8-82DD-40AF57FC1432}.Release|Any CPU.Build.0 = Release|Any CPU
		{1DF1D001-0194-4CD8-82DD-40AF57FC1432}.Release|x64.ActiveCfg = Release|Any CPU
		{1DF1D001-0194-4CD8-82DD-40AF57FC1432}.Release|x64.Build.0 = Release|Any CPU
		{1DF1D001-0194-4CD8-82DD-40AF57FC1432}.Release|x86.ActiveCfg = Release|Any CPU
		{1DF1D001-0194-4CD8-82DD-40AF57FC1432}.Release|x86.Build.0 = Release|Any CPU
		{12915347-991A-4EA0-983D-03121E1C527B}.Debug|Any CPU.ActiveCfg = Debug|Any CPU
		{12915347-991A-4EA0-983D-03121E1C527B}.Debug|Any CPU.Build.0 = Debug|Any CPU
		{12915347-991A-4EA0-983D-03121E1C527B}.Release|Any CPU.ActiveCfg = Release|Any CPU
		{12915347-991A-4EA0-983D-03121E1C527B}.Release|Any CPU.Build.0 = Release|Any CPU
		{12915347-991A-4EA0-983D-03121E1C527B}.Release|x64.ActiveCfg = Release|Any CPU
		{12915347-991A-4EA0-983D-03121E1C527B}.Release|x64.Build.0 = Release|Any CPU
		{12915347-991A-4EA0-983D-03121E1C527B}.Release|x86.ActiveCfg = Release|Any CPU
		{12915347-991A-4EA0-983D-03121E1C527B}.Release|x86.Build.0 = Release|Any CPU
		{8BF217FB-7AB4-4056-8186-2BDE9F3C99EC}.Debug|Any CPU.ActiveCfg = Debug|Any CPU
		{8BF217FB-7AB4-4056-8186-2BDE9F3C99EC}.Debug|Any CPU.Build.0 = Debug|Any CPU
		{8BF217FB-7AB4-4056-8186-2BDE9F3C99EC}.Release|Any CPU.ActiveCfg = Release|Any CPU
		{8BF217FB-7AB4-4056-8186-2BDE9F3C99EC}.Release|Any CPU.Build.0 = Release|Any CPU
		{8BF217FB-7AB4-4056-8186-2BDE9F3C99EC}.Release|x64.ActiveCfg = Release|Any CPU
		{8BF217FB-7AB4-4056-8186-2BDE9F3C99EC}.Release|x64.Build.0 = Release|Any CPU
		{8BF217FB-7AB4-4056-8186-2BDE9F3C99EC}.Release|x86.ActiveCfg = Release|Any CPU
		{8BF217FB-7AB4-4056-8186-2BDE9F3C99EC}.Release|x86.Build.0 = Release|Any CPU
		{EF8EF2D5-9483-400E-B938-ADDB467BF300}.Debug|Any CPU.ActiveCfg = Debug|Any CPU
		{EF8EF2D5-9483-400E-B938-ADDB467BF300}.Debug|Any CPU.Build.0 = Debug|Any CPU
		{EF8EF2D5-9483-400E-B938-ADDB467BF300}.Release|Any CPU.ActiveCfg = Release|Any CPU
		{EF8EF2D5-9483-400E-B938-ADDB467BF300}.Release|Any CPU.Build.0 = Release|Any CPU
		{EF8EF2D5-9483-400E-B938-ADDB467BF300}.Release|x64.ActiveCfg = Release|Any CPU
		{EF8EF2D5-9483-400E-B938-ADDB467BF300}.Release|x64.Build.0 = Release|Any CPU
		{EF8EF2D5-9483-400E-B938-ADDB467BF300}.Release|x86.ActiveCfg = Release|Any CPU
		{EF8EF2D5-9483-400E-B938-ADDB467BF300}.Release|x86.Build.0 = Release|Any CPU
		{DDA26737-950C-4B23-B66A-1733FB482A29}.Debug|Any CPU.ActiveCfg = Debug|Any CPU
		{DDA26737-950C-4B23-B66A-1733FB482A29}.Debug|Any CPU.Build.0 = Debug|Any CPU
		{DDA26737-950C-4B23-B66A-1733FB482A29}.Release|Any CPU.ActiveCfg = Release|Any CPU
		{DDA26737-950C-4B23-B66A-1733FB482A29}.Release|Any CPU.Build.0 = Release|Any CPU
		{DDA26737-950C-4B23-B66A-1733FB482A29}.Release|x64.ActiveCfg = Release|Any CPU
		{DDA26737-950C-4B23-B66A-1733FB482A29}.Release|x64.Build.0 = Release|Any CPU
		{DDA26737-950C-4B23-B66A-1733FB482A29}.Release|x86.ActiveCfg = Release|Any CPU
		{DDA26737-950C-4B23-B66A-1733FB482A29}.Release|x86.Build.0 = Release|Any CPU
		{28707296-5273-471B-89FB-FA3D6C62CA67}.Debug|Any CPU.ActiveCfg = Debug|Any CPU
		{28707296-5273-471B-89FB-FA3D6C62CA67}.Debug|Any CPU.Build.0 = Debug|Any CPU
		{28707296-5273-471B-89FB-FA3D6C62CA67}.Release|Any CPU.ActiveCfg = Release|Any CPU
		{28707296-5273-471B-89FB-FA3D6C62CA67}.Release|Any CPU.Build.0 = Release|Any CPU
		{28707296-5273-471B-89FB-FA3D6C62CA67}.Release|x64.ActiveCfg = Release|Any CPU
		{28707296-5273-471B-89FB-FA3D6C62CA67}.Release|x64.Build.0 = Release|Any CPU
		{28707296-5273-471B-89FB-FA3D6C62CA67}.Release|x86.ActiveCfg = Release|Any CPU
		{28707296-5273-471B-89FB-FA3D6C62CA67}.Release|x86.Build.0 = Release|Any CPU
		{5AE1CC8C-80A2-46AF-A02E-BE129080F489}.Debug|Any CPU.ActiveCfg = Debug|Any CPU
		{5AE1CC8C-80A2-46AF-A02E-BE129080F489}.Debug|Any CPU.Build.0 = Debug|Any CPU
		{5AE1CC8C-80A2-46AF-A02E-BE129080F489}.Release|Any CPU.ActiveCfg = Release|Any CPU
		{5AE1CC8C-80A2-46AF-A02E-BE129080F489}.Release|Any CPU.Build.0 = Release|Any CPU
		{5AE1CC8C-80A2-46AF-A02E-BE129080F489}.Release|x64.ActiveCfg = Release|Any CPU
		{5AE1CC8C-80A2-46AF-A02E-BE129080F489}.Release|x64.Build.0 = Release|Any CPU
		{5AE1CC8C-80A2-46AF-A02E-BE129080F489}.Release|x86.ActiveCfg = Release|Any CPU
		{5AE1CC8C-80A2-46AF-A02E-BE129080F489}.Release|x86.Build.0 = Release|Any CPU
		{E3C800A0-012F-4440-BD78-813FE51F4830}.Debug|Any CPU.ActiveCfg = Debug|Any CPU
		{E3C800A0-012F-4440-BD78-813FE51F4830}.Debug|Any CPU.Build.0 = Debug|Any CPU
		{E3C800A0-012F-4440-BD78-813FE51F4830}.Release|Any CPU.ActiveCfg = Release|Any CPU
		{E3C800A0-012F-4440-BD78-813FE51F4830}.Release|Any CPU.Build.0 = Release|Any CPU
		{E3C800A0-012F-4440-BD78-813FE51F4830}.Release|x64.ActiveCfg = Release|Any CPU
		{E3C800A0-012F-4440-BD78-813FE51F4830}.Release|x64.Build.0 = Release|Any CPU
		{E3C800A0-012F-4440-BD78-813FE51F4830}.Release|x86.ActiveCfg = Release|Any CPU
		{E3C800A0-012F-4440-BD78-813FE51F4830}.Release|x86.Build.0 = Release|Any CPU
		{421DEC55-2DF8-4DCB-B53D-ED59C15062A2}.Debug|Any CPU.ActiveCfg = Debug|Any CPU
		{421DEC55-2DF8-4DCB-B53D-ED59C15062A2}.Debug|Any CPU.Build.0 = Debug|Any CPU
		{421DEC55-2DF8-4DCB-B53D-ED59C15062A2}.Release|Any CPU.ActiveCfg = Release|Any CPU
		{421DEC55-2DF8-4DCB-B53D-ED59C15062A2}.Release|Any CPU.Build.0 = Release|Any CPU
		{421DEC55-2DF8-4DCB-B53D-ED59C15062A2}.Release|x64.ActiveCfg = Release|Any CPU
		{421DEC55-2DF8-4DCB-B53D-ED59C15062A2}.Release|x64.Build.0 = Release|Any CPU
		{421DEC55-2DF8-4DCB-B53D-ED59C15062A2}.Release|x86.ActiveCfg = Release|Any CPU
		{421DEC55-2DF8-4DCB-B53D-ED59C15062A2}.Release|x86.Build.0 = Release|Any CPU
		{C7F24A8E-C454-4EB7-9F33-5ABCAD04AE24}.Debug|Any CPU.ActiveCfg = Debug|Any CPU
		{C7F24A8E-C454-4EB7-9F33-5ABCAD04AE24}.Debug|Any CPU.Build.0 = Debug|Any CPU
		{C7F24A8E-C454-4EB7-9F33-5ABCAD04AE24}.Release|Any CPU.ActiveCfg = Release|Any CPU
		{C7F24A8E-C454-4EB7-9F33-5ABCAD04AE24}.Release|Any CPU.Build.0 = Release|Any CPU
		{C7F24A8E-C454-4EB7-9F33-5ABCAD04AE24}.Release|x64.ActiveCfg = Release|Any CPU
		{C7F24A8E-C454-4EB7-9F33-5ABCAD04AE24}.Release|x64.Build.0 = Release|Any CPU
		{C7F24A8E-C454-4EB7-9F33-5ABCAD04AE24}.Release|x86.ActiveCfg = Release|Any CPU
		{C7F24A8E-C454-4EB7-9F33-5ABCAD04AE24}.Release|x86.Build.0 = Release|Any CPU
		{2652FCF8-3604-435E-8963-92A4A365FA33}.Debug|Any CPU.ActiveCfg = Debug|Any CPU
		{2652FCF8-3604-435E-8963-92A4A365FA33}.Debug|Any CPU.Build.0 = Debug|Any CPU
		{2652FCF8-3604-435E-8963-92A4A365FA33}.Release|Any CPU.ActiveCfg = Release|Any CPU
		{2652FCF8-3604-435E-8963-92A4A365FA33}.Release|Any CPU.Build.0 = Release|Any CPU
		{2652FCF8-3604-435E-8963-92A4A365FA33}.Release|x64.ActiveCfg = Release|Any CPU
		{2652FCF8-3604-435E-8963-92A4A365FA33}.Release|x64.Build.0 = Release|Any CPU
		{2652FCF8-3604-435E-8963-92A4A365FA33}.Release|x86.ActiveCfg = Release|Any CPU
		{2652FCF8-3604-435E-8963-92A4A365FA33}.Release|x86.Build.0 = Release|Any CPU
		{C617F7DD-6E7E-4B5D-8766-C82C37EFFF6E}.Debug|Any CPU.ActiveCfg = Debug|Any CPU
		{C617F7DD-6E7E-4B5D-8766-C82C37EFFF6E}.Debug|Any CPU.Build.0 = Debug|Any CPU
		{C617F7DD-6E7E-4B5D-8766-C82C37EFFF6E}.Release|Any CPU.ActiveCfg = Release|Any CPU
		{C617F7DD-6E7E-4B5D-8766-C82C37EFFF6E}.Release|Any CPU.Build.0 = Release|Any CPU
		{C617F7DD-6E7E-4B5D-8766-C82C37EFFF6E}.Release|x64.ActiveCfg = Release|Any CPU
		{C617F7DD-6E7E-4B5D-8766-C82C37EFFF6E}.Release|x64.Build.0 = Release|Any CPU
		{C617F7DD-6E7E-4B5D-8766-C82C37EFFF6E}.Release|x86.ActiveCfg = Release|Any CPU
		{C617F7DD-6E7E-4B5D-8766-C82C37EFFF6E}.Release|x86.Build.0 = Release|Any CPU
		{ABDD94F3-DF9E-47B2-813F-935C54C8DEA7}.Debug|Any CPU.ActiveCfg = Debug|Any CPU
		{ABDD94F3-DF9E-47B2-813F-935C54C8DEA7}.Debug|Any CPU.Build.0 = Debug|Any CPU
		{ABDD94F3-DF9E-47B2-813F-935C54C8DEA7}.Release|Any CPU.ActiveCfg = Release|Any CPU
		{ABDD94F3-DF9E-47B2-813F-935C54C8DEA7}.Release|Any CPU.Build.0 = Release|Any CPU
		{ABDD94F3-DF9E-47B2-813F-935C54C8DEA7}.Release|x64.ActiveCfg = Release|Any CPU
		{ABDD94F3-DF9E-47B2-813F-935C54C8DEA7}.Release|x64.Build.0 = Release|Any CPU
		{ABDD94F3-DF9E-47B2-813F-935C54C8DEA7}.Release|x86.ActiveCfg = Release|Any CPU
		{ABDD94F3-DF9E-47B2-813F-935C54C8DEA7}.Release|x86.Build.0 = Release|Any CPU
		{F0E28B79-7957-444F-B437-D2EEC072A6DE}.Debug|Any CPU.ActiveCfg = Debug|Any CPU
		{F0E28B79-7957-444F-B437-D2EEC072A6DE}.Debug|Any CPU.Build.0 = Debug|Any CPU
		{F0E28B79-7957-444F-B437-D2EEC072A6DE}.Release|Any CPU.ActiveCfg = Release|Any CPU
		{F0E28B79-7957-444F-B437-D2EEC072A6DE}.Release|Any CPU.Build.0 = Release|Any CPU
		{F0E28B79-7957-444F-B437-D2EEC072A6DE}.Release|x64.ActiveCfg = Release|Any CPU
		{F0E28B79-7957-444F-B437-D2EEC072A6DE}.Release|x64.Build.0 = Release|Any CPU
		{F0E28B79-7957-444F-B437-D2EEC072A6DE}.Release|x86.ActiveCfg = Release|Any CPU
		{F0E28B79-7957-444F-B437-D2EEC072A6DE}.Release|x86.Build.0 = Release|Any CPU
		{69AE34C5-23F5-4E25-9E37-1FC1C8ABFE0D}.Debug|Any CPU.ActiveCfg = Debug|Any CPU
		{69AE34C5-23F5-4E25-9E37-1FC1C8ABFE0D}.Debug|Any CPU.Build.0 = Debug|Any CPU
		{69AE34C5-23F5-4E25-9E37-1FC1C8ABFE0D}.Release|Any CPU.ActiveCfg = Release|Any CPU
		{69AE34C5-23F5-4E25-9E37-1FC1C8ABFE0D}.Release|Any CPU.Build.0 = Release|Any CPU
		{69AE34C5-23F5-4E25-9E37-1FC1C8ABFE0D}.Release|x64.ActiveCfg = Release|Any CPU
		{69AE34C5-23F5-4E25-9E37-1FC1C8ABFE0D}.Release|x64.Build.0 = Release|Any CPU
		{69AE34C5-23F5-4E25-9E37-1FC1C8ABFE0D}.Release|x86.ActiveCfg = Release|Any CPU
		{69AE34C5-23F5-4E25-9E37-1FC1C8ABFE0D}.Release|x86.Build.0 = Release|Any CPU
		{E85F73B6-5C37-4745-AFB3-16DA11F23882}.Debug|Any CPU.ActiveCfg = Debug|Any CPU
		{E85F73B6-5C37-4745-AFB3-16DA11F23882}.Debug|Any CPU.Build.0 = Debug|Any CPU
		{E85F73B6-5C37-4745-AFB3-16DA11F23882}.Release|Any CPU.ActiveCfg = Release|Any CPU
		{E85F73B6-5C37-4745-AFB3-16DA11F23882}.Release|Any CPU.Build.0 = Release|Any CPU
		{E85F73B6-5C37-4745-AFB3-16DA11F23882}.Release|x64.ActiveCfg = Release|Any CPU
		{E85F73B6-5C37-4745-AFB3-16DA11F23882}.Release|x64.Build.0 = Release|Any CPU
		{E85F73B6-5C37-4745-AFB3-16DA11F23882}.Release|x86.ActiveCfg = Release|Any CPU
		{E85F73B6-5C37-4745-AFB3-16DA11F23882}.Release|x86.Build.0 = Release|Any CPU
		{BC726B57-2164-4C73-9DF3-32DE785F04FB}.Debug|Any CPU.ActiveCfg = Debug|Any CPU
		{BC726B57-2164-4C73-9DF3-32DE785F04FB}.Debug|Any CPU.Build.0 = Debug|Any CPU
		{BC726B57-2164-4C73-9DF3-32DE785F04FB}.Release|Any CPU.ActiveCfg = Release|Any CPU
		{BC726B57-2164-4C73-9DF3-32DE785F04FB}.Release|Any CPU.Build.0 = Release|Any CPU
		{BC726B57-2164-4C73-9DF3-32DE785F04FB}.Release|x64.ActiveCfg = Release|Any CPU
		{BC726B57-2164-4C73-9DF3-32DE785F04FB}.Release|x64.Build.0 = Release|Any CPU
		{BC726B57-2164-4C73-9DF3-32DE785F04FB}.Release|x86.ActiveCfg = Release|Any CPU
		{BC726B57-2164-4C73-9DF3-32DE785F04FB}.Release|x86.Build.0 = Release|Any CPU
		{54F6E533-537E-47D3-A829-6DB7CBD1D948}.Debug|Any CPU.ActiveCfg = Debug|Any CPU
		{54F6E533-537E-47D3-A829-6DB7CBD1D948}.Debug|Any CPU.Build.0 = Debug|Any CPU
		{54F6E533-537E-47D3-A829-6DB7CBD1D948}.Release|Any CPU.ActiveCfg = Release|Any CPU
		{54F6E533-537E-47D3-A829-6DB7CBD1D948}.Release|Any CPU.Build.0 = Release|Any CPU
		{54F6E533-537E-47D3-A829-6DB7CBD1D948}.Release|x64.ActiveCfg = Release|Any CPU
		{54F6E533-537E-47D3-A829-6DB7CBD1D948}.Release|x64.Build.0 = Release|Any CPU
		{54F6E533-537E-47D3-A829-6DB7CBD1D948}.Release|x86.ActiveCfg = Release|Any CPU
		{54F6E533-537E-47D3-A829-6DB7CBD1D948}.Release|x86.Build.0 = Release|Any CPU
		{2AA6D3CA-6CAA-40D9-9C33-75C0B1FBF0EE}.Debug|Any CPU.ActiveCfg = Debug|Any CPU
		{2AA6D3CA-6CAA-40D9-9C33-75C0B1FBF0EE}.Debug|Any CPU.Build.0 = Debug|Any CPU
		{2AA6D3CA-6CAA-40D9-9C33-75C0B1FBF0EE}.Release|Any CPU.ActiveCfg = Release|Any CPU
		{2AA6D3CA-6CAA-40D9-9C33-75C0B1FBF0EE}.Release|Any CPU.Build.0 = Release|Any CPU
		{2AA6D3CA-6CAA-40D9-9C33-75C0B1FBF0EE}.Release|x64.ActiveCfg = Release|Any CPU
		{2AA6D3CA-6CAA-40D9-9C33-75C0B1FBF0EE}.Release|x64.Build.0 = Release|Any CPU
		{2AA6D3CA-6CAA-40D9-9C33-75C0B1FBF0EE}.Release|x86.ActiveCfg = Release|Any CPU
		{2AA6D3CA-6CAA-40D9-9C33-75C0B1FBF0EE}.Release|x86.Build.0 = Release|Any CPU
		{E7250382-AA91-44BA-BAD2-6E888195D628}.Debug|Any CPU.ActiveCfg = Debug|Any CPU
		{E7250382-AA91-44BA-BAD2-6E888195D628}.Debug|Any CPU.Build.0 = Debug|Any CPU
		{E7250382-AA91-44BA-BAD2-6E888195D628}.Release|Any CPU.ActiveCfg = Release|Any CPU
		{E7250382-AA91-44BA-BAD2-6E888195D628}.Release|Any CPU.Build.0 = Release|Any CPU
		{E7250382-AA91-44BA-BAD2-6E888195D628}.Release|x64.ActiveCfg = Release|Any CPU
		{E7250382-AA91-44BA-BAD2-6E888195D628}.Release|x64.Build.0 = Release|Any CPU
		{E7250382-AA91-44BA-BAD2-6E888195D628}.Release|x86.ActiveCfg = Release|Any CPU
		{E7250382-AA91-44BA-BAD2-6E888195D628}.Release|x86.Build.0 = Release|Any CPU
		{0B46B59D-395F-44C6-B68D-A6967DCEFA10}.Debug|Any CPU.ActiveCfg = Debug|Any CPU
		{0B46B59D-395F-44C6-B68D-A6967DCEFA10}.Debug|Any CPU.Build.0 = Debug|Any CPU
		{0B46B59D-395F-44C6-B68D-A6967DCEFA10}.Release|Any CPU.ActiveCfg = Release|Any CPU
		{0B46B59D-395F-44C6-B68D-A6967DCEFA10}.Release|Any CPU.Build.0 = Release|Any CPU
		{0B46B59D-395F-44C6-B68D-A6967DCEFA10}.Release|x64.ActiveCfg = Release|Any CPU
		{0B46B59D-395F-44C6-B68D-A6967DCEFA10}.Release|x64.Build.0 = Release|Any CPU
		{0B46B59D-395F-44C6-B68D-A6967DCEFA10}.Release|x86.ActiveCfg = Release|Any CPU
		{0B46B59D-395F-44C6-B68D-A6967DCEFA10}.Release|x86.Build.0 = Release|Any CPU
		{EAF21201-CD79-444C-A27C-B53B016C042C}.Debug|Any CPU.ActiveCfg = Debug|Any CPU
		{EAF21201-CD79-444C-A27C-B53B016C042C}.Debug|Any CPU.Build.0 = Debug|Any CPU
		{EAF21201-CD79-444C-A27C-B53B016C042C}.Release|Any CPU.ActiveCfg = Release|Any CPU
		{EAF21201-CD79-444C-A27C-B53B016C042C}.Release|Any CPU.Build.0 = Release|Any CPU
		{EAF21201-CD79-444C-A27C-B53B016C042C}.Release|x64.ActiveCfg = Release|Any CPU
		{EAF21201-CD79-444C-A27C-B53B016C042C}.Release|x64.Build.0 = Release|Any CPU
		{EAF21201-CD79-444C-A27C-B53B016C042C}.Release|x86.ActiveCfg = Release|Any CPU
		{EAF21201-CD79-444C-A27C-B53B016C042C}.Release|x86.Build.0 = Release|Any CPU
		{6AE10A59-1374-4000-B8BB-047DAAE30779}.Debug|Any CPU.ActiveCfg = Debug|Any CPU
		{6AE10A59-1374-4000-B8BB-047DAAE30779}.Debug|Any CPU.Build.0 = Debug|Any CPU
		{6AE10A59-1374-4000-B8BB-047DAAE30779}.Release|Any CPU.ActiveCfg = Release|Any CPU
		{6AE10A59-1374-4000-B8BB-047DAAE30779}.Release|Any CPU.Build.0 = Release|Any CPU
		{6AE10A59-1374-4000-B8BB-047DAAE30779}.Release|x64.ActiveCfg = Release|Any CPU
		{6AE10A59-1374-4000-B8BB-047DAAE30779}.Release|x64.Build.0 = Release|Any CPU
		{6AE10A59-1374-4000-B8BB-047DAAE30779}.Release|x86.ActiveCfg = Release|Any CPU
		{6AE10A59-1374-4000-B8BB-047DAAE30779}.Release|x86.Build.0 = Release|Any CPU
		{A4EC68DA-C87B-4A66-9EE4-0056DC657D56}.Debug|Any CPU.ActiveCfg = Debug|Any CPU
		{A4EC68DA-C87B-4A66-9EE4-0056DC657D56}.Debug|Any CPU.Build.0 = Debug|Any CPU
		{A4EC68DA-C87B-4A66-9EE4-0056DC657D56}.Release|Any CPU.ActiveCfg = Release|Any CPU
		{A4EC68DA-C87B-4A66-9EE4-0056DC657D56}.Release|Any CPU.Build.0 = Release|Any CPU
		{A4EC68DA-C87B-4A66-9EE4-0056DC657D56}.Release|x64.ActiveCfg = Release|Any CPU
		{A4EC68DA-C87B-4A66-9EE4-0056DC657D56}.Release|x64.Build.0 = Release|Any CPU
		{A4EC68DA-C87B-4A66-9EE4-0056DC657D56}.Release|x86.ActiveCfg = Release|Any CPU
		{A4EC68DA-C87B-4A66-9EE4-0056DC657D56}.Release|x86.Build.0 = Release|Any CPU
		{B41EE46C-6E57-4D72-8E5A-86E019C5E565}.Debug|Any CPU.ActiveCfg = Debug|Any CPU
		{B41EE46C-6E57-4D72-8E5A-86E019C5E565}.Debug|Any CPU.Build.0 = Debug|Any CPU
		{B41EE46C-6E57-4D72-8E5A-86E019C5E565}.Release|Any CPU.ActiveCfg = Release|Any CPU
		{B41EE46C-6E57-4D72-8E5A-86E019C5E565}.Release|Any CPU.Build.0 = Release|Any CPU
		{B41EE46C-6E57-4D72-8E5A-86E019C5E565}.Release|x64.ActiveCfg = Release|Any CPU
		{B41EE46C-6E57-4D72-8E5A-86E019C5E565}.Release|x64.Build.0 = Release|Any CPU
		{B41EE46C-6E57-4D72-8E5A-86E019C5E565}.Release|x86.ActiveCfg = Release|Any CPU
		{B41EE46C-6E57-4D72-8E5A-86E019C5E565}.Release|x86.Build.0 = Release|Any CPU
		{A97DF002-5BD5-45C5-87F6-FF5BF5AA205E}.Debug|Any CPU.ActiveCfg = Debug|Any CPU
		{A97DF002-5BD5-45C5-87F6-FF5BF5AA205E}.Debug|Any CPU.Build.0 = Debug|Any CPU
		{A97DF002-5BD5-45C5-87F6-FF5BF5AA205E}.Release|Any CPU.ActiveCfg = Release|Any CPU
		{A97DF002-5BD5-45C5-87F6-FF5BF5AA205E}.Release|Any CPU.Build.0 = Release|Any CPU
		{A97DF002-5BD5-45C5-87F6-FF5BF5AA205E}.Release|x64.ActiveCfg = Release|Any CPU
		{A97DF002-5BD5-45C5-87F6-FF5BF5AA205E}.Release|x64.Build.0 = Release|Any CPU
		{A97DF002-5BD5-45C5-87F6-FF5BF5AA205E}.Release|x86.ActiveCfg = Release|Any CPU
		{A97DF002-5BD5-45C5-87F6-FF5BF5AA205E}.Release|x86.Build.0 = Release|Any CPU
		{F58F3A0E-0763-4236-B903-377EE58F79AC}.Debug|Any CPU.ActiveCfg = Debug|Any CPU
		{F58F3A0E-0763-4236-B903-377EE58F79AC}.Debug|Any CPU.Build.0 = Debug|Any CPU
		{F58F3A0E-0763-4236-B903-377EE58F79AC}.Release|Any CPU.ActiveCfg = Release|Any CPU
		{F58F3A0E-0763-4236-B903-377EE58F79AC}.Release|Any CPU.Build.0 = Release|Any CPU
		{F58F3A0E-0763-4236-B903-377EE58F79AC}.Release|x64.ActiveCfg = Release|Any CPU
		{F58F3A0E-0763-4236-B903-377EE58F79AC}.Release|x64.Build.0 = Release|Any CPU
		{F58F3A0E-0763-4236-B903-377EE58F79AC}.Release|x86.ActiveCfg = Release|Any CPU
		{F58F3A0E-0763-4236-B903-377EE58F79AC}.Release|x86.Build.0 = Release|Any CPU
		{6190BFE8-8B0E-4AEA-BAE7-4688BEBD50D5}.Debug|Any CPU.ActiveCfg = Debug|Any CPU
		{6190BFE8-8B0E-4AEA-BAE7-4688BEBD50D5}.Debug|Any CPU.Build.0 = Debug|Any CPU
		{6190BFE8-8B0E-4AEA-BAE7-4688BEBD50D5}.Release|Any CPU.ActiveCfg = Release|Any CPU
		{6190BFE8-8B0E-4AEA-BAE7-4688BEBD50D5}.Release|Any CPU.Build.0 = Release|Any CPU
		{6190BFE8-8B0E-4AEA-BAE7-4688BEBD50D5}.Release|x64.ActiveCfg = Release|Any CPU
		{6190BFE8-8B0E-4AEA-BAE7-4688BEBD50D5}.Release|x64.Build.0 = Release|Any CPU
		{6190BFE8-8B0E-4AEA-BAE7-4688BEBD50D5}.Release|x86.ActiveCfg = Release|Any CPU
		{6190BFE8-8B0E-4AEA-BAE7-4688BEBD50D5}.Release|x86.Build.0 = Release|Any CPU
		{4C320ECC-388B-41CF-B391-20F6B1A31FA3}.Debug|Any CPU.ActiveCfg = Debug|Any CPU
		{4C320ECC-388B-41CF-B391-20F6B1A31FA3}.Debug|Any CPU.Build.0 = Debug|Any CPU
		{4C320ECC-388B-41CF-B391-20F6B1A31FA3}.Release|Any CPU.ActiveCfg = Release|Any CPU
		{4C320ECC-388B-41CF-B391-20F6B1A31FA3}.Release|Any CPU.Build.0 = Release|Any CPU
		{4C320ECC-388B-41CF-B391-20F6B1A31FA3}.Release|x64.ActiveCfg = Release|Any CPU
		{4C320ECC-388B-41CF-B391-20F6B1A31FA3}.Release|x64.Build.0 = Release|Any CPU
		{4C320ECC-388B-41CF-B391-20F6B1A31FA3}.Release|x86.ActiveCfg = Release|Any CPU
		{4C320ECC-388B-41CF-B391-20F6B1A31FA3}.Release|x86.Build.0 = Release|Any CPU
		{80DFB643-D719-4C0B-ABD1-27ABCAA9B1F7}.Debug|Any CPU.ActiveCfg = Debug|Any CPU
		{80DFB643-D719-4C0B-ABD1-27ABCAA9B1F7}.Debug|Any CPU.Build.0 = Debug|Any CPU
		{80DFB643-D719-4C0B-ABD1-27ABCAA9B1F7}.Release|Any CPU.ActiveCfg = Release|Any CPU
		{80DFB643-D719-4C0B-ABD1-27ABCAA9B1F7}.Release|Any CPU.Build.0 = Release|Any CPU
		{80DFB643-D719-4C0B-ABD1-27ABCAA9B1F7}.Release|x64.ActiveCfg = Release|Any CPU
		{80DFB643-D719-4C0B-ABD1-27ABCAA9B1F7}.Release|x64.Build.0 = Release|Any CPU
		{80DFB643-D719-4C0B-ABD1-27ABCAA9B1F7}.Release|x86.ActiveCfg = Release|Any CPU
		{80DFB643-D719-4C0B-ABD1-27ABCAA9B1F7}.Release|x86.Build.0 = Release|Any CPU
		{CB5DE2FF-2BFE-4FA8-BE06-186EF64CC6C6}.Debug|Any CPU.ActiveCfg = Debug|Any CPU
		{CB5DE2FF-2BFE-4FA8-BE06-186EF64CC6C6}.Debug|Any CPU.Build.0 = Debug|Any CPU
		{CB5DE2FF-2BFE-4FA8-BE06-186EF64CC6C6}.Release|Any CPU.ActiveCfg = Release|Any CPU
		{CB5DE2FF-2BFE-4FA8-BE06-186EF64CC6C6}.Release|Any CPU.Build.0 = Release|Any CPU
		{CB5DE2FF-2BFE-4FA8-BE06-186EF64CC6C6}.Release|x64.ActiveCfg = Release|Any CPU
		{CB5DE2FF-2BFE-4FA8-BE06-186EF64CC6C6}.Release|x64.Build.0 = Release|Any CPU
		{CB5DE2FF-2BFE-4FA8-BE06-186EF64CC6C6}.Release|x86.ActiveCfg = Release|Any CPU
		{CB5DE2FF-2BFE-4FA8-BE06-186EF64CC6C6}.Release|x86.Build.0 = Release|Any CPU
		{48786B11-B83A-4134-85C6-4E9F959F9C06}.Debug|Any CPU.ActiveCfg = Debug|Any CPU
		{48786B11-B83A-4134-85C6-4E9F959F9C06}.Debug|Any CPU.Build.0 = Debug|Any CPU
		{48786B11-B83A-4134-85C6-4E9F959F9C06}.Release|Any CPU.ActiveCfg = Release|Any CPU
		{48786B11-B83A-4134-85C6-4E9F959F9C06}.Release|Any CPU.Build.0 = Release|Any CPU
		{48786B11-B83A-4134-85C6-4E9F959F9C06}.Release|x64.ActiveCfg = Release|Any CPU
		{48786B11-B83A-4134-85C6-4E9F959F9C06}.Release|x64.Build.0 = Release|Any CPU
		{48786B11-B83A-4134-85C6-4E9F959F9C06}.Release|x86.ActiveCfg = Release|Any CPU
		{48786B11-B83A-4134-85C6-4E9F959F9C06}.Release|x86.Build.0 = Release|Any CPU
	EndGlobalSection
	GlobalSection(SolutionProperties) = preSolution
		HideSolutionNode = FALSE
	EndGlobalSection
	GlobalSection(NestedProjects) = preSolution
		{36F676C3-2C5F-4727-8BE2-8F759C2A3FBE} = {7A925031-2656-4CEB-821A-D76739E0E5A2}
		{51E0C282-0942-4367-95EB-F248E80A5D6F} = {7A925031-2656-4CEB-821A-D76739E0E5A2}
		{E2BC2C97-161E-41E4-B224-DFC62AD56768} = {7A925031-2656-4CEB-821A-D76739E0E5A2}
		{6AB1E6C4-563A-4447-8024-6C31C9A45141} = {614DB4C6-A4BE-4BBF-B385-C34985CA1FC3}
		{43D3813D-CD36-46A7-86EF-CD6CF0A9A9BC} = {614DB4C6-A4BE-4BBF-B385-C34985CA1FC3}
		{32E74378-AAF5-4CA6-8633-30997453E58A} = {7A925031-2656-4CEB-821A-D76739E0E5A2}
		{1DF1D001-0194-4CD8-82DD-40AF57FC1432} = {7A925031-2656-4CEB-821A-D76739E0E5A2}
		{12915347-991A-4EA0-983D-03121E1C527B} = {7A925031-2656-4CEB-821A-D76739E0E5A2}
		{8BF217FB-7AB4-4056-8186-2BDE9F3C99EC} = {7A925031-2656-4CEB-821A-D76739E0E5A2}
		{EF8EF2D5-9483-400E-B938-ADDB467BF300} = {ADBF0A06-FF69-40A6-8F32-2F188AE1B6A4}
		{DDA26737-950C-4B23-B66A-1733FB482A29} = {4FF83CB3-A634-4D07-BEE0-B5391B86F071}
		{7A925031-2656-4CEB-821A-D76739E0E5A2} = {ADBF0A06-FF69-40A6-8F32-2F188AE1B6A4}
		{614DB4C6-A4BE-4BBF-B385-C34985CA1FC3} = {ADBF0A06-FF69-40A6-8F32-2F188AE1B6A4}
		{4FF83CB3-A634-4D07-BEE0-B5391B86F071} = {ADBF0A06-FF69-40A6-8F32-2F188AE1B6A4}
		{28707296-5273-471B-89FB-FA3D6C62CA67} = {4FF83CB3-A634-4D07-BEE0-B5391B86F071}
		{5AE1CC8C-80A2-46AF-A02E-BE129080F489} = {4FF83CB3-A634-4D07-BEE0-B5391B86F071}
		{E3C800A0-012F-4440-BD78-813FE51F4830} = {4FF83CB3-A634-4D07-BEE0-B5391B86F071}
		{421DEC55-2DF8-4DCB-B53D-ED59C15062A2} = {4FF83CB3-A634-4D07-BEE0-B5391B86F071}
		{C7F24A8E-C454-4EB7-9F33-5ABCAD04AE24} = {4FF83CB3-A634-4D07-BEE0-B5391B86F071}
		{2652FCF8-3604-435E-8963-92A4A365FA33} = {4FF83CB3-A634-4D07-BEE0-B5391B86F071}
		{C617F7DD-6E7E-4B5D-8766-C82C37EFFF6E} = {4FF83CB3-A634-4D07-BEE0-B5391B86F071}
		{ABDD94F3-DF9E-47B2-813F-935C54C8DEA7} = {4FF83CB3-A634-4D07-BEE0-B5391B86F071}
		{F0E28B79-7957-444F-B437-D2EEC072A6DE} = {7A925031-2656-4CEB-821A-D76739E0E5A2}
		{69AE34C5-23F5-4E25-9E37-1FC1C8ABFE0D} = {02EA681E-C7D8-13C7-8484-4AC65E1B71E8}
		{02EA681E-C7D8-13C7-8484-4AC65E1B71E8} = {ADBF0A06-FF69-40A6-8F32-2F188AE1B6A4}
		{E85F73B6-5C37-4745-AFB3-16DA11F23882} = {02EA681E-C7D8-13C7-8484-4AC65E1B71E8}
		{BC726B57-2164-4C73-9DF3-32DE785F04FB} = {02EA681E-C7D8-13C7-8484-4AC65E1B71E8}
		{54F6E533-537E-47D3-A829-6DB7CBD1D948} = {02EA681E-C7D8-13C7-8484-4AC65E1B71E8}
		{2AA6D3CA-6CAA-40D9-9C33-75C0B1FBF0EE} = {02EA681E-C7D8-13C7-8484-4AC65E1B71E8}
		{E7250382-AA91-44BA-BAD2-6E888195D628} = {02EA681E-C7D8-13C7-8484-4AC65E1B71E8}
		{0B46B59D-395F-44C6-B68D-A6967DCEFA10} = {02EA681E-C7D8-13C7-8484-4AC65E1B71E8}
		{EAF21201-CD79-444C-A27C-B53B016C042C} = {02EA681E-C7D8-13C7-8484-4AC65E1B71E8}
		{6AE10A59-1374-4000-B8BB-047DAAE30779} = {02EA681E-C7D8-13C7-8484-4AC65E1B71E8}
		{A4EC68DA-C87B-4A66-9EE4-0056DC657D56} = {3DC4FB03-312C-4EFB-838C-F95431860DFC}
		{B41EE46C-6E57-4D72-8E5A-86E019C5E565} = {3DC4FB03-312C-4EFB-838C-F95431860DFC}
		{A97DF002-5BD5-45C5-87F6-FF5BF5AA205E} = {3DC4FB03-312C-4EFB-838C-F95431860DFC}
		{F58F3A0E-0763-4236-B903-377EE58F79AC} = {3DC4FB03-312C-4EFB-838C-F95431860DFC}
		{6190BFE8-8B0E-4AEA-BAE7-4688BEBD50D5} = {3DC4FB03-312C-4EFB-838C-F95431860DFC}
		{4C320ECC-388B-41CF-B391-20F6B1A31FA3} = {3DC4FB03-312C-4EFB-838C-F95431860DFC}
		{80DFB643-D719-4C0B-ABD1-27ABCAA9B1F7} = {3DC4FB03-312C-4EFB-838C-F95431860DFC}
		{CB5DE2FF-2BFE-4FA8-BE06-186EF64CC6C6} = {3DC4FB03-312C-4EFB-838C-F95431860DFC}
		{48786B11-B83A-4134-85C6-4E9F959F9C06} = {3DC4FB03-312C-4EFB-838C-F95431860DFC}
		{3DC4FB03-312C-4EFB-838C-F95431860DFC} = {ADBF0A06-FF69-40A6-8F32-2F188AE1B6A4}
	EndGlobalSection
	GlobalSection(ExtensibilityGlobals) = postSolution
		SolutionGuid = {C2026BF9-DACC-4EA4-AF04-B8A590EA38BF}
	EndGlobalSection
EndGlobal
