
Microsoft Visual Studio Solution File, Format Version 12.00
# Visual Studio Version 16
VisualStudioVersion = 16.0.30717.126
MinimumVisualStudioVersion = 10.0.40219.1
Project("{9A19103F-16F7-4668-BE54-9A1E7A4F7556}") = "JwtAuthentication.Core", "JwtAuthentication.Core\JwtAuthentication.Core.csproj", "{5F9739DA-4676-4B13-BE6C-5F5194AFE812}"
EndProject
Project("{2150E333-8FDC-42A3-9474-1A3956D46DE8}") = "Solution Items", "Solution Items", "{330BB423-781B-4A8C-BBC9-2F95B5349B2A}"
	ProjectSection(SolutionItems) = preProject
		.editorconfig = .editorconfig
	EndProjectSection
EndProject
Project("{2150E333-8FDC-42A3-9474-1A3956D46DE8}") = "Examples", "Examples", "{ADBF0A06-FF69-40A6-8F32-2F188AE1B6A4}"
EndProject
Project("{9A19103F-16F7-4668-BE54-9A1E7A4F7556}") = "Example.NetCore5.0.BaseAuthentication", "Examples\Example.NetCore5.0.BaseAuthentication\Example.NetCore5.0.BaseAuthentication.csproj", "{36F676C3-2C5F-4727-8BE2-8F759C2A3FBE}"
EndProject
Project("{9A19103F-16F7-4668-BE54-9A1E7A4F7556}") = "Example.NetCore5.0.PermissionBasedAuthorization", "Examples\Example.NetCore5.0.PermissionBasedAuthorization\Example.NetCore5.0.PermissionBasedAuthorization.csproj", "{51E0C282-0942-4367-95EB-F248E80A5D6F}"
EndProject
Project("{9A19103F-16F7-4668-BE54-9A1E7A4F7556}") = "Example.NetCore5.0.WithCredentialsValidator", "Examples\Example.NetCore5.0.WithCredentialsValidator\Example.NetCore5.0.WithCredentialsValidator.csproj", "{E2BC2C97-161E-41E4-B224-DFC62AD56768}"
EndProject
Project("{9A19103F-16F7-4668-BE54-9A1E7A4F7556}") = "Example.NetCore3.0.BaseAuthentication", "Examples\Example.NetCore3.0.BaseAuthentication\Example.NetCore3.0.BaseAuthentication.csproj", "{6AB1E6C4-563A-4447-8024-6C31C9A45141}"
EndProject
Project("{9A19103F-16F7-4668-BE54-9A1E7A4F7556}") = "Example.NetCore3.1.BaseAuthentication", "Examples\Example.NetCore3.1.BaseAuthentication\Example.NetCore3.1.BaseAuthentication.csproj", "{43D3813D-CD36-46A7-86EF-CD6CF0A9A9BC}"
EndProject
Project("{9A19103F-16F7-4668-BE54-9A1E7A4F7556}") = "Example.NetCore5.0.CookiesBasedAuthentication", "Example.NetCore5.0.CookiesBasedAuthentication\Example.NetCore5.0.CookiesBasedAuthentication.csproj", "{32E74378-AAF5-4CA6-8633-30997453E58A}"
EndProject
Project("{9A19103F-16F7-4668-BE54-9A1E7A4F7556}") = "JwtAuthentication.Identity", "JwtAuthentication.Identity\JwtAuthentication.Identity.csproj", "{60A8C4FC-D6DC-4C5B-9FA9-6F81F55F3667}"
EndProject
Project("{9A19103F-16F7-4668-BE54-9A1E7A4F7556}") = "Example.NetCore5.0.AuthenticationUsingIdentityUser", "Examples\Example.NetCore5.0.AuthenticationUsingIdentityUser\Example.NetCore5.0.AuthenticationUsingIdentityUser.csproj", "{1DF1D001-0194-4CD8-82DD-40AF57FC1432}"
EndProject
Project("{9A19103F-16F7-4668-BE54-9A1E7A4F7556}") = "Example.NetCore5.0.AuthenticationWithRefreshToken", "Examples\Example.NetCore5.0.AuthenticationWithRefreshToken\Example.NetCore5.0.AuthenticationWithRefreshToken.csproj", "{12915347-991A-4EA0-983D-03121E1C527B}"
EndProject
Project("{FAE04EC0-301F-11D3-BF4B-00C04F79EFBC}") = "Example.NetCore5.0.RefreshTokenAuthAndRegistrationUsingIdentity", "Examples\Example.NetCore5.0.RefreshTokenAuthAndRegistrationUsingIdentity\Example.NetCore5.0.RefreshTokenAuthAndRegistrationUsingIdentity.csproj", "{8BF217FB-7AB4-4056-8186-2BDE9F3C99EC}"
EndProject
Global
	GlobalSection(SolutionConfigurationPlatforms) = preSolution
		Debug|Any CPU = Debug|Any CPU
		Release|Any CPU = Release|Any CPU
	EndGlobalSection
	GlobalSection(ProjectConfigurationPlatforms) = postSolution
		{5F9739DA-4676-4B13-BE6C-5F5194AFE812}.Debug|Any CPU.ActiveCfg = Debug|Any CPU
		{5F9739DA-4676-4B13-BE6C-5F5194AFE812}.Debug|Any CPU.Build.0 = Debug|Any CPU
		{5F9739DA-4676-4B13-BE6C-5F5194AFE812}.Release|Any CPU.ActiveCfg = Release|Any CPU
		{5F9739DA-4676-4B13-BE6C-5F5194AFE812}.Release|Any CPU.Build.0 = Release|Any CPU
		{36F676C3-2C5F-4727-8BE2-8F759C2A3FBE}.Debug|Any CPU.ActiveCfg = Debug|Any CPU
		{36F676C3-2C5F-4727-8BE2-8F759C2A3FBE}.Debug|Any CPU.Build.0 = Debug|Any CPU
		{36F676C3-2C5F-4727-8BE2-8F759C2A3FBE}.Release|Any CPU.ActiveCfg = Release|Any CPU
		{36F676C3-2C5F-4727-8BE2-8F759C2A3FBE}.Release|Any CPU.Build.0 = Release|Any CPU
		{51E0C282-0942-4367-95EB-F248E80A5D6F}.Debug|Any CPU.ActiveCfg = Debug|Any CPU
		{51E0C282-0942-4367-95EB-F248E80A5D6F}.Debug|Any CPU.Build.0 = Debug|Any CPU
		{51E0C282-0942-4367-95EB-F248E80A5D6F}.Release|Any CPU.ActiveCfg = Release|Any CPU
		{51E0C282-0942-4367-95EB-F248E80A5D6F}.Release|Any CPU.Build.0 = Release|Any CPU
		{E2BC2C97-161E-41E4-B224-DFC62AD56768}.Debug|Any CPU.ActiveCfg = Debug|Any CPU
		{E2BC2C97-161E-41E4-B224-DFC62AD56768}.Debug|Any CPU.Build.0 = Debug|Any CPU
		{E2BC2C97-161E-41E4-B224-DFC62AD56768}.Release|Any CPU.ActiveCfg = Release|Any CPU
		{E2BC2C97-161E-41E4-B224-DFC62AD56768}.Release|Any CPU.Build.0 = Release|Any CPU
		{6AB1E6C4-563A-4447-8024-6C31C9A45141}.Debug|Any CPU.ActiveCfg = Debug|Any CPU
		{6AB1E6C4-563A-4447-8024-6C31C9A45141}.Debug|Any CPU.Build.0 = Debug|Any CPU
		{6AB1E6C4-563A-4447-8024-6C31C9A45141}.Release|Any CPU.ActiveCfg = Release|Any CPU
		{6AB1E6C4-563A-4447-8024-6C31C9A45141}.Release|Any CPU.Build.0 = Release|Any CPU
		{43D3813D-CD36-46A7-86EF-CD6CF0A9A9BC}.Debug|Any CPU.ActiveCfg = Debug|Any CPU
		{43D3813D-CD36-46A7-86EF-CD6CF0A9A9BC}.Debug|Any CPU.Build.0 = Debug|Any CPU
		{43D3813D-CD36-46A7-86EF-CD6CF0A9A9BC}.Release|Any CPU.ActiveCfg = Release|Any CPU
		{43D3813D-CD36-46A7-86EF-CD6CF0A9A9BC}.Release|Any CPU.Build.0 = Release|Any CPU
		{32E74378-AAF5-4CA6-8633-30997453E58A}.Debug|Any CPU.ActiveCfg = Debug|Any CPU
		{32E74378-AAF5-4CA6-8633-30997453E58A}.Debug|Any CPU.Build.0 = Debug|Any CPU
		{32E74378-AAF5-4CA6-8633-30997453E58A}.Release|Any CPU.ActiveCfg = Release|Any CPU
		{32E74378-AAF5-4CA6-8633-30997453E58A}.Release|Any CPU.Build.0 = Release|Any CPU
		{60A8C4FC-D6DC-4C5B-9FA9-6F81F55F3667}.Debug|Any CPU.ActiveCfg = Debug|Any CPU
		{60A8C4FC-D6DC-4C5B-9FA9-6F81F55F3667}.Debug|Any CPU.Build.0 = Debug|Any CPU
		{60A8C4FC-D6DC-4C5B-9FA9-6F81F55F3667}.Release|Any CPU.ActiveCfg = Release|Any CPU
		{60A8C4FC-D6DC-4C5B-9FA9-6F81F55F3667}.Release|Any CPU.Build.0 = Release|Any CPU
		{1DF1D001-0194-4CD8-82DD-40AF57FC1432}.Debug|Any CPU.ActiveCfg = Debug|Any CPU
		{1DF1D001-0194-4CD8-82DD-40AF57FC1432}.Debug|Any CPU.Build.0 = Debug|Any CPU
		{1DF1D001-0194-4CD8-82DD-40AF57FC1432}.Release|Any CPU.ActiveCfg = Release|Any CPU
		{1DF1D001-0194-4CD8-82DD-40AF57FC1432}.Release|Any CPU.Build.0 = Release|Any CPU
		{12915347-991A-4EA0-983D-03121E1C527B}.Debug|Any CPU.ActiveCfg = Debug|Any CPU
		{12915347-991A-4EA0-983D-03121E1C527B}.Debug|Any CPU.Build.0 = Debug|Any CPU
		{12915347-991A-4EA0-983D-03121E1C527B}.Release|Any CPU.ActiveCfg = Release|Any CPU
		{12915347-991A-4EA0-983D-03121E1C527B}.Release|Any CPU.Build.0 = Release|Any CPU
		{8BF217FB-7AB4-4056-8186-2BDE9F3C99EC}.Debug|Any CPU.ActiveCfg = Debug|Any CPU
		{8BF217FB-7AB4-4056-8186-2BDE9F3C99EC}.Debug|Any CPU.Build.0 = Debug|Any CPU
		{8BF217FB-7AB4-4056-8186-2BDE9F3C99EC}.Release|Any CPU.ActiveCfg = Release|Any CPU
		{8BF217FB-7AB4-4056-8186-2BDE9F3C99EC}.Release|Any CPU.Build.0 = Release|Any CPU
	EndGlobalSection
	GlobalSection(SolutionProperties) = preSolution
		HideSolutionNode = FALSE
	EndGlobalSection
	GlobalSection(NestedProjects) = preSolution
		{36F676C3-2C5F-4727-8BE2-8F759C2A3FBE} = {ADBF0A06-FF69-40A6-8F32-2F188AE1B6A4}
		{51E0C282-0942-4367-95EB-F248E80A5D6F} = {ADBF0A06-FF69-40A6-8F32-2F188AE1B6A4}
		{E2BC2C97-161E-41E4-B224-DFC62AD56768} = {ADBF0A06-FF69-40A6-8F32-2F188AE1B6A4}
		{6AB1E6C4-563A-4447-8024-6C31C9A45141} = {ADBF0A06-FF69-40A6-8F32-2F188AE1B6A4}
		{43D3813D-CD36-46A7-86EF-CD6CF0A9A9BC} = {ADBF0A06-FF69-40A6-8F32-2F188AE1B6A4}
		{32E74378-AAF5-4CA6-8633-30997453E58A} = {ADBF0A06-FF69-40A6-8F32-2F188AE1B6A4}
		{1DF1D001-0194-4CD8-82DD-40AF57FC1432} = {ADBF0A06-FF69-40A6-8F32-2F188AE1B6A4}
		{12915347-991A-4EA0-983D-03121E1C527B} = {ADBF0A06-FF69-40A6-8F32-2F188AE1B6A4}
		{8BF217FB-7AB4-4056-8186-2BDE9F3C99EC} = {ADBF0A06-FF69-40A6-8F32-2F188AE1B6A4}
	EndGlobalSection
	GlobalSection(ExtensibilityGlobals) = postSolution
		SolutionGuid = {C2026BF9-DACC-4EA4-AF04-B8A590EA38BF}
	EndGlobalSection
EndGlobal
